
Microsoft Visual Studio Solution File, Format Version 12.00
# Visual Studio Version 16
VisualStudioVersion = 16.0.31112.23
MinimumVisualStudioVersion = 10.0.40219.1
Project("{FAE04EC0-301F-11D3-BF4B-00C04F79EFBC}") = "InventarEchipament", "InventarEchipament\InventarEchipament.csproj", "{2F4B527E-4383-48A4-858A-02EE765C6BDE}"
EndProject
Global
	GlobalSection(SolutionConfigurationPlatforms) = preSolution
		Debug|Any CPU = Debug|Any CPU
		Release|Any CPU = Release|Any CPU
	EndGlobalSection
	GlobalSection(ProjectConfigurationPlatforms) = postSolution
		{2F4B527E-4383-48A4-858A-02EE765C6BDE}.Debug|Any CPU.ActiveCfg = Debug|Any CPU
		{2F4B527E-4383-48A4-858A-02EE765C6BDE}.Debug|Any CPU.Build.0 = Debug|Any CPU
		{2F4B527E-4383-48A4-858A-02EE765C6BDE}.Release|Any CPU.ActiveCfg = Release|Any CPU
		{2F4B527E-4383-48A4-858A-02EE765C6BDE}.Release|Any CPU.Build.0 = Release|Any CPU
	EndGlobalSection
	GlobalSection(SolutionProperties) = preSolution
		HideSolutionNode = FALSE
	EndGlobalSection
	GlobalSection(ExtensibilityGlobals) = postSolution
		SolutionGuid = {98C05C35-430E-419D-8D0C-9A46257765E9}
	EndGlobalSection
EndGlobal
